
Microsoft Visual Studio Solution File, Format Version 12.00
# Visual Studio Version 16
VisualStudioVersion = 16.0.31702.278
MinimumVisualStudioVersion = 10.0.40219.1
Project("{FAE04EC0-301F-11D3-BF4B-00C04F79EFBC}") = "Metanit", "Metanit.csproj", "{099CF24C-5576-422E-BEB6-42CF921C424E}"
EndProject
Global
	GlobalSection(SolutionConfigurationPlatforms) = preSolution
		Debug|Any CPU = Debug|Any CPU
		Release|Any CPU = Release|Any CPU
	EndGlobalSection
	GlobalSection(ProjectConfigurationPlatforms) = postSolution
		{099CF24C-5576-422E-BEB6-42CF921C424E}.Debug|Any CPU.ActiveCfg = Debug|Any CPU
		{099CF24C-5576-422E-BEB6-42CF921C424E}.Debug|Any CPU.Build.0 = Debug|Any CPU
		{099CF24C-5576-422E-BEB6-42CF921C424E}.Release|Any CPU.ActiveCfg = Release|Any CPU
		{099CF24C-5576-422E-BEB6-42CF921C424E}.Release|Any CPU.Build.0 = Release|Any CPU
	EndGlobalSection
	GlobalSection(SolutionProperties) = preSolution
		HideSolutionNode = FALSE
	EndGlobalSection
	GlobalSection(ExtensibilityGlobals) = postSolution
		SolutionGuid = {E3EF50BC-738E-405E-91B5-5C80B8899DEB}
	EndGlobalSection
EndGlobal
